# THIS IS AN AUTOGENERATED FILE. DO NOT EDIT THIS FILE DIRECTLY.
# yarn lockfile v1


"@emmetio/extract-abbreviation@0.1.6":
  "integrity" "sha512-Ce3xE2JvTSEbASFbRbA1gAIcMcZWdS2yUYRaQbeM0nbOzaZrUYfa3ePtcriYRZOZmr+CkKA+zbjhvTpIOAYVcw=="
  "resolved" "https://registry.npmjs.org/@emmetio/extract-abbreviation/-/extract-abbreviation-0.1.6.tgz"
  "version" "0.1.6"

"abab@^2.0.0":
  "integrity" "sha512-9IK9EadsbHo6jLWIpxpR6pL0sazTXV6+SQv25ZB+F7Bj9mJNaOc4nCRabwd5M/JwmUa8idz6Eci6eKfJryPs6Q=="
  "resolved" "https://registry.npmjs.org/abab/-/abab-2.0.5.tgz"
  "version" "2.0.5"

"acorn-globals@^4.1.0":
  "integrity" "sha512-clfQEh21R+D0leSbUdWf3OcfqyaCSAQ8Ryq00bofSekfr9W8u1jyYZo6ir0xu9Gtcf7BjcHJpnbZH7JOCpP60A=="
  "resolved" "https://registry.npmjs.org/acorn-globals/-/acorn-globals-4.3.4.tgz"
  "version" "4.3.4"
  dependencies:
    "acorn" "^6.0.1"
    "acorn-walk" "^6.0.1"

"acorn-walk@^6.0.1":
  "integrity" "sha512-7evsyfH1cLOCdAzZAd43Cic04yKydNx0cF+7tiA19p1XnLLPU4dpCQOqpjqwokFe//vS0QqfqqjCS2JkiIs0cA=="
  "resolved" "https://registry.npmjs.org/acorn-walk/-/acorn-walk-6.2.0.tgz"
  "version" "6.2.0"

"acorn@^5.5.3":
  "integrity" "sha512-1D++VG7BhrtvQpNbBzovKNc1FLGGEE/oGe7b9xJm/RFHMBeUaUGpluV9RLjZa47YFdPcDAenEYuq9pQPcMdLJg=="
  "resolved" "https://registry.npmjs.org/acorn/-/acorn-5.7.4.tgz"
  "version" "5.7.4"

"acorn@^6.0.1":
  "integrity" "sha512-XtGIhXwF8YM8bJhGxG5kXgjkEuNGLTkoYqVE+KMR+aspr4KGYmKYg7yUe3KghyQ9yheNwLnjmzh/7+gfDBmHCQ=="
  "resolved" "https://registry.npmjs.org/acorn/-/acorn-6.4.2.tgz"
  "version" "6.4.2"

"agent-base@^4.3.0", "agent-base@4":
  "integrity" "sha512-salcGninV0nPrwpGNn4VTXBb1SOuXQBiqbrNXoeizJsHrsL6ERFM2Ne3JUSBWRE6aeNJI2ROP/WEEIDUiDe3cg=="
  "resolved" "https://registry.npmjs.org/agent-base/-/agent-base-4.3.0.tgz"
  "version" "4.3.0"
  dependencies:
    "es6-promisify" "^5.0.0"

"ajv@^6.12.3":
  "integrity" "sha512-j3fVLgvTo527anyYyJOGTYJbG+vnnQYvE0m5mmkc1TK+nxAppkCLMIL0aZ4dblVCNoGShhm+kzE4ZUykBoMg4g=="
  "resolved" "https://registry.npmjs.org/ajv/-/ajv-6.12.6.tgz"
  "version" "6.12.6"
  dependencies:
    "fast-deep-equal" "^3.1.1"
    "fast-json-stable-stringify" "^2.0.0"
    "json-schema-traverse" "^0.4.1"
    "uri-js" "^4.2.2"

"argparse@^2.0.1":
  "integrity" "sha512-8+9WqebbFzpX9OR+Wa6O29asIogeRMzcGtAINdpMHHyAg10f05aSFVBbcEqGf/PXw1EjAZ+q2/bEBg3DvurK3Q=="
  "resolved" "https://registry.npmjs.org/argparse/-/argparse-2.0.1.tgz"
  "version" "2.0.1"

"array-equal@^1.0.0":
  "integrity" "sha1-jCpe8kcv2ep0KwTHenUJO6J1fJM="
  "resolved" "https://registry.npmjs.org/array-equal/-/array-equal-1.0.0.tgz"
  "version" "1.0.0"

"asn1@~0.2.3":
  "integrity" "sha512-jxwzQpLQjSmWXgwaCZE9Nz+glAG01yF1QnWgbhGwHI5A6FRIEY6IVqtHhIepHqI7/kyEyQEagBC5mBEFlIYvdg=="
  "resolved" "https://registry.npmjs.org/asn1/-/asn1-0.2.4.tgz"
  "version" "0.2.4"
  dependencies:
    "safer-buffer" "~2.1.0"

"assert-plus@^1.0.0", "assert-plus@1.0.0":
  "integrity" "sha1-8S4PPF13sLHN2RRpQuTpbB5N1SU="
  "resolved" "https://registry.npmjs.org/assert-plus/-/assert-plus-1.0.0.tgz"
  "version" "1.0.0"

"async-limiter@~1.0.0":
  "integrity" "sha512-csOlWGAcRFJaI6m+F2WKdnMKr4HhdhFVBk0H/QbJFMCr+uO2kwohwXQPxw/9OCxp05r5ghVBFSyioixx3gfkNQ=="
  "resolved" "https://registry.npmjs.org/async-limiter/-/async-limiter-1.0.1.tgz"
  "version" "1.0.1"

"asynckit@^0.4.0":
  "integrity" "sha1-x57Zf380y48robyXkLzDZkdLS3k="
  "resolved" "https://registry.npmjs.org/asynckit/-/asynckit-0.4.0.tgz"
  "version" "0.4.0"

"aws-sign2@~0.7.0":
  "integrity" "sha1-tG6JCTSpWR8tL2+G1+ap8bP+dqg="
  "resolved" "https://registry.npmjs.org/aws-sign2/-/aws-sign2-0.7.0.tgz"
  "version" "0.7.0"

"aws4@^1.8.0":
  "integrity" "sha512-xh1Rl34h6Fi1DC2WWKfxUTVqRsNnr6LsKz2+hfwDxQJWmrx8+c7ylaqBMcHfl1U1r2dsifOvKX3LQuLNZ+XSvA=="
  "resolved" "https://registry.npmjs.org/aws4/-/aws4-1.11.0.tgz"
  "version" "1.11.0"

"balanced-match@^1.0.0":
  "integrity" "sha512-3oSeUO0TMV67hN1AmbXsK4yaqU7tjiHlbxRDZOpH0KW9+CeX4bRAaX0Anxt0tx2MrpRpWwQaPwIlISEJhYU5Pw=="
  "resolved" "https://registry.npmjs.org/balanced-match/-/balanced-match-1.0.2.tgz"
  "version" "1.0.2"

"bash-language-server@~1.17.0":
  "integrity" "sha512-t80ktUFL9DPaTO7yydoNYXIDKINweWbFvvUXesltmWj7UaIyepIVRAWUp4+62udJtor1VxVFEAXnsVDA640flw=="
  "resolved" "https://registry.npmjs.org/bash-language-server/-/bash-language-server-1.17.0.tgz"
  "version" "1.17.0"
  dependencies:
    "fuzzy-search" "^3.2.1"
    "glob" "^7.1.6"
    "request" "^2.83.0"
    "request-promise-native" "^1.0.5"
    "turndown" "^4.0.2"
    "urijs" "^1.19.1"
    "vscode-languageserver" "^6.1.1"
    "vscode-languageserver-textdocument" "^1.0.1"
    "web-tree-sitter" "^0.16.2"

"bcrypt-pbkdf@^1.0.0":
  "integrity" "sha1-pDAdOJtqQ/m2f/PKEaP2Y342Dp4="
  "resolved" "https://registry.npmjs.org/bcrypt-pbkdf/-/bcrypt-pbkdf-1.0.2.tgz"
  "version" "1.0.2"
  dependencies:
    "tweetnacl" "^0.14.3"

"brace-expansion@^1.1.7":
  "integrity" "sha512-iCuPHDFgrHX7H2vEI/5xpz07zSHB00TpugqhmYtVmMO6518mCuRMoOYFldEBl0g187ufozdaHgWKcYFb61qGiA=="
  "resolved" "https://registry.npmjs.org/brace-expansion/-/brace-expansion-1.1.11.tgz"
  "version" "1.1.11"
  dependencies:
    "balanced-match" "^1.0.0"
    "concat-map" "0.0.1"

"browser-process-hrtime@^1.0.0":
  "integrity" "sha512-9o5UecI3GhkpM6DrXr69PblIuWxPKk9Y0jHBRhdocZ2y7YECBFCsHm79Pr3OyR2AvjhDkabFJaDJMYRazHgsow=="
  "resolved" "https://registry.npmjs.org/browser-process-hrtime/-/browser-process-hrtime-1.0.0.tgz"
  "version" "1.0.0"

"caseless@~0.12.0":
  "integrity" "sha1-G2gcIf+EAzyCZUMJBolCDRhxUdw="
  "resolved" "https://registry.npmjs.org/caseless/-/caseless-0.12.0.tgz"
  "version" "0.12.0"

"coc-css@^1.2.6":
  "integrity" "sha512-eVzucf/n0T9Sap+9HbKeW6XhMle1Q/2aURaE9BVTNHFW9eqFlKq72l/38NzrUYbdCpQh8foDsoKAqbFsAnBFYw=="
  "resolved" "https://registry.npmjs.org/coc-css/-/coc-css-1.2.6.tgz"
  "version" "1.2.6"

"coc-emmet@^1.1.6":
  "integrity" "sha512-lvHA9iSgU/46Iw7E14tSP+Hh1e6STYUegqTBGDPQ/9L9JOicE2USqwuo2y5cbslc2RQqv3EdUIr9nQf0T725mQ=="
  "resolved" "https://registry.npmjs.org/coc-emmet/-/coc-emmet-1.1.6.tgz"
  "version" "1.1.6"
  dependencies:
    "vscode-emmet-helper" "^1.2.15"

"coc-html@^1.4.1":
  "integrity" "sha512-7SHQYzpRKPrpaLcTm1UUk1zu9VvFEJKFqxwDIuqv/CL0cBTtEvlsfpVh9DOaMHlZPu8U8Lgyf04bHV/sFS1zJw=="
  "resolved" "https://registry.npmjs.org/coc-html/-/coc-html-1.4.1.tgz"
  "version" "1.4.1"
  dependencies:
    "typescript" "^4"

"coc-json@^1.3.6":
  "integrity" "sha512-iUKVNmYMZEBpniRRy7iXzcYqDCfamRMU4OOb1b9M9Zi68xbwsu1JVl0ARw5FVCv40ELszK+w/6jKlpS97kTU8w=="
  "resolved" "https://registry.npmjs.org/coc-json/-/coc-json-1.3.6.tgz"
  "version" "1.3.6"
  dependencies:
    "vscode-json-languageserver" "^1.3.4"

"coc-pyright@>=1.1.181":
  "integrity" "sha512-dtsGJiL/ul+kCNKkQ7cw0ZHJV3bw3sWEu2V2dtoDFDP8yVtIHEXbz5O8ujULwl+FkO3X4Th+Q8ZR02mqDwdapQ=="
  "resolved" "https://registry.npmjs.org/coc-pyright/-/coc-pyright-1.1.181.tgz"
  "version" "1.1.181"
  dependencies:
    "pyright" "^1.1.181"

"coc-sh@>=0.6.0":
  "integrity" "sha512-QSH3s4K8MZmkIC5JuDyEQI9pqgBqzcizwF0mwDAHoYzV2zOMpTj7fJi8uu//P2OBPUx7ZEgEakqFyrSzB0z5lA=="
  "resolved" "https://registry.npmjs.org/coc-sh/-/coc-sh-0.6.0.tgz"
  "version" "0.6.0"
  dependencies:
    "bash-language-server" "~1.17.0"
    "pkg-dir" "^4.2.0"
    "tslib" "^2.0.0"

"coc-snippets@^2.4.6":
  "integrity" "sha512-lWtv+2+WEdkiCfplZtUzPy9TFkmrk0ajjpgil1KersbmiBeoylLuqgiVVY6u3gmiofr/5AG1DD20Qj8Vg6M0jg=="
  "resolved" "https://registry.npmjs.org/coc-snippets/-/coc-snippets-2.4.6.tgz"
  "version" "2.4.6"

"coc-tabnine@>=1.3.4":
  "integrity" "sha512-ICnIh+XR8egHeJCfuVpiXQHvHfcRJcHWRHIxTHLAOYG000tK/qZGzyVF7gz55sxgwyFOpo3EBgimdrAn9e/gvg=="
  "resolved" "https://registry.npmjs.org/coc-tabnine/-/coc-tabnine-1.3.4.tgz"
  "version" "1.3.4"

"coc-tsserver@^1.8.6":
  "integrity" "sha512-RTet29nZNYrOWEuquBOAv3yFtWyHPE7xGbsHjRdNbTP6g9PF+2nV2TnDO+c/T5HAk/1J0lKKZBu6hZTnEJ2f4w=="
  "resolved" "https://registry.npmjs.org/coc-tsserver/-/coc-tsserver-1.8.6.tgz"
  "version" "1.8.6"
  dependencies:
    "typescript" "^4.3.5"

"coc-yaml@^1.4.2":
  "integrity" "sha512-cfocwN+TczdspN03m7t+eJMyaAsKCSzfgJJDM2CWPvrreKIMMahWqce/krTtENqDHDu51miuWo+o6/6FEKSf4g=="
  "resolved" "https://registry.npmjs.org/coc-yaml/-/coc-yaml-1.4.2.tgz"
  "version" "1.4.2"
  dependencies:
    "prettier" "2.0.5"
    "vscode-json-languageservice" "4.1.0"
    "yaml-language-server" "0.20.0"

"combined-stream@^1.0.6", "combined-stream@~1.0.6":
  "integrity" "sha512-FQN4MRfuJeHf7cBbBMJFXhKSDq+2kAArBlmRBvcvFE5BB1HZKXtSFASDhdlz9zOYwxh8lDdnvmMOe/+5cdoEdg=="
  "resolved" "https://registry.npmjs.org/combined-stream/-/combined-stream-1.0.8.tgz"
  "version" "1.0.8"
  dependencies:
    "delayed-stream" "~1.0.0"

"concat-map@0.0.1":
  "integrity" "sha1-2Klr13/Wjfd5OnMDajug1UBdR3s="
  "resolved" "https://registry.npmjs.org/concat-map/-/concat-map-0.0.1.tgz"
  "version" "0.0.1"

"core-util-is@1.0.2":
  "integrity" "sha1-tf1UIgqivFq1eqtxQMlAdUUDwac="
  "resolved" "https://registry.npmjs.org/core-util-is/-/core-util-is-1.0.2.tgz"
  "version" "1.0.2"

"cssom@>= 0.3.2 < 0.4.0", "cssom@0.3.x":
  "integrity" "sha512-b0tGHbfegbhPJpxpiBPU2sCkigAqtM9O121le6bbOlgyV+NyGyCmVfJ6QW9eRjz8CpNfWEOYBIMIGRYkLwsIYg=="
  "resolved" "https://registry.npmjs.org/cssom/-/cssom-0.3.8.tgz"
  "version" "0.3.8"

"cssstyle@^1.0.0":
  "integrity" "sha512-GBrLZYZ4X4x6/QEoBnIrqb8B/f5l4+8me2dkom/j1Gtbxy0kBv6OGzKuAsGM75bkGwGAFkt56Iwg28S3XTZgSA=="
  "resolved" "https://registry.npmjs.org/cssstyle/-/cssstyle-1.4.0.tgz"
  "version" "1.4.0"
  dependencies:
    "cssom" "0.3.x"

"dashdash@^1.12.0":
  "integrity" "sha1-hTz6D3y+L+1d4gMmuN1YEDX24vA="
  "resolved" "https://registry.npmjs.org/dashdash/-/dashdash-1.14.1.tgz"
  "version" "1.14.1"
  dependencies:
    "assert-plus" "^1.0.0"

"data-urls@^1.0.0":
  "integrity" "sha512-YTWYI9se1P55u58gL5GkQHW4P6VJBJ5iBT+B5a7i2Tjadhv52paJG0qHX4A0OR6/t52odI64KP2YvFpkDOi3eQ=="
  "resolved" "https://registry.npmjs.org/data-urls/-/data-urls-1.1.0.tgz"
  "version" "1.1.0"
  dependencies:
    "abab" "^2.0.0"
    "whatwg-mimetype" "^2.2.0"
    "whatwg-url" "^7.0.0"

"debug@^3.1.0":
  "integrity" "sha512-CFjzYYAi4ThfiQvizrFQevTTXHtnCqWfe7x1AhgEscTz6ZbLbfoLRLPugTQyBth6f8ZERVUSyWHFD/7Wu4t1XQ=="
  "resolved" "https://registry.npmjs.org/debug/-/debug-3.2.7.tgz"
  "version" "3.2.7"
  dependencies:
    "ms" "^2.1.1"

"debug@3.1.0":
  "integrity" "sha512-OX8XqP7/1a9cqkxYw2yXss15f26NKWBpDXQd0/uK/KPqdQhxbPa994hnzjcE2VqQpDslf55723cKPUOGSmMY3g=="
  "resolved" "https://registry.npmjs.org/debug/-/debug-3.1.0.tgz"
  "version" "3.1.0"
  dependencies:
    "ms" "2.0.0"

"deep-is@~0.1.3":
  "integrity" "sha512-oIPzksmTg4/MriiaYGO+okXDT7ztn/w3Eptv/+gSIdMdKsJo0u4CfYNFJPy+4SKMuCqGw2wxnA+URMg3t8a/bQ=="
  "resolved" "https://registry.npmjs.org/deep-is/-/deep-is-0.1.4.tgz"
  "version" "0.1.4"

"delayed-stream@~1.0.0":
  "integrity" "sha1-3zrhmayt+31ECqrgsp4icrJOxhk="
  "resolved" "https://registry.npmjs.org/delayed-stream/-/delayed-stream-1.0.0.tgz"
  "version" "1.0.0"

"domexception@^1.0.1":
  "integrity" "sha512-raigMkn7CJNNo6Ihro1fzG7wr3fHuYVytzquZKX5n0yizGsTcYgzdIUwj1X9pK0VvjeihV+XiclP+DjwbsSKug=="
  "resolved" "https://registry.npmjs.org/domexception/-/domexception-1.0.1.tgz"
  "version" "1.0.1"
  dependencies:
    "webidl-conversions" "^4.0.2"

"ecc-jsbn@~0.1.1":
  "integrity" "sha1-OoOpBOVDUyh4dMVkt1SThoSamMk="
  "resolved" "https://registry.npmjs.org/ecc-jsbn/-/ecc-jsbn-0.1.2.tgz"
  "version" "0.1.2"
  dependencies:
    "jsbn" "~0.1.0"
    "safer-buffer" "^2.1.0"

"es6-promise@^4.0.3":
  "integrity" "sha512-HJDGx5daxeIvxdBxvG2cb9g4tEvwIk3i8+nhX0yGrYmZUzbkdg8QbDevheDB8gd0//uPj4c1EQua8Q+MViT0/w=="
  "resolved" "https://registry.npmjs.org/es6-promise/-/es6-promise-4.2.8.tgz"
  "version" "4.2.8"

"es6-promisify@^5.0.0":
  "integrity" "sha1-UQnWLz5W6pZ8S2NQWu8IKRyKUgM="
  "resolved" "https://registry.npmjs.org/es6-promisify/-/es6-promisify-5.0.0.tgz"
  "version" "5.0.0"
  dependencies:
    "es6-promise" "^4.0.3"

"escodegen@^1.9.1":
  "integrity" "sha512-qFcX0XJkdg+PB3xjZZG/wKSuT1PnQWx57+TVSjIMmILd2yC/6ByYElPwJnslDsuWuSAp4AwJGumarAAmJch5Kw=="
  "resolved" "https://registry.npmjs.org/escodegen/-/escodegen-1.14.3.tgz"
  "version" "1.14.3"
  dependencies:
    "esprima" "^4.0.1"
    "estraverse" "^4.2.0"
    "esutils" "^2.0.2"
    "optionator" "^0.8.1"
  optionalDependencies:
    "source-map" "~0.6.1"

"esprima@^4.0.1":
  "integrity" "sha512-eGuFFw7Upda+g4p+QHvnW0RyTX/SVeJBDM/gCtMARO0cLuT2HcEKnTPvhjV6aGeqrCB/sbNop0Kszm0jsaWU4A=="
  "resolved" "https://registry.npmjs.org/esprima/-/esprima-4.0.1.tgz"
  "version" "4.0.1"

"estraverse@^4.2.0":
  "integrity" "sha512-39nnKffWz8xN1BU/2c79n9nB9HDzo0niYUqx6xyqUnyoAnQyyWpOTdZEeiCch8BBu515t4wp9ZmgVfVhn9EBpw=="
  "resolved" "https://registry.npmjs.org/estraverse/-/estraverse-4.3.0.tgz"
  "version" "4.3.0"

"esutils@^2.0.2":
  "integrity" "sha512-kVscqXk4OCp68SZ0dkgEKVi6/8ij300KBWTJq32P/dYeWTSwK41WyTxalN1eRmA5Z9UU/LX9D7FWSmV9SAYx6g=="
  "resolved" "https://registry.npmjs.org/esutils/-/esutils-2.0.3.tgz"
  "version" "2.0.3"

"extend@~3.0.2":
  "integrity" "sha512-fjquC59cD7CyW6urNXK0FBufkZcoiGG80wTuPujX590cB5Ttln20E2UB4S/WARVqhXffZl2LNgS+gQdPIIim/g=="
  "resolved" "https://registry.npmjs.org/extend/-/extend-3.0.2.tgz"
  "version" "3.0.2"

"extsprintf@^1.2.0":
  "integrity" "sha1-4mifjzVvrWLMplo6kcXfX5VRaS8="
  "resolved" "https://registry.npmjs.org/extsprintf/-/extsprintf-1.4.0.tgz"
  "version" "1.4.0"

"extsprintf@1.3.0":
  "integrity" "sha1-lpGEQOMEGnpBT4xS48V06zw+HgU="
  "resolved" "https://registry.npmjs.org/extsprintf/-/extsprintf-1.3.0.tgz"
  "version" "1.3.0"

"fast-deep-equal@^3.1.1":
  "integrity" "sha512-f3qQ9oQy9j2AhBe/H9VC91wLmKBCCU/gDOnKNAYG5hswO7BLKj09Hc5HYNz9cGI++xlpDCIgDaitVs03ATR84Q=="
  "resolved" "https://registry.npmjs.org/fast-deep-equal/-/fast-deep-equal-3.1.3.tgz"
  "version" "3.1.3"

"fast-json-stable-stringify@^2.0.0":
  "integrity" "sha512-lhd/wF+Lk98HZoTCtlVraHtfh5XYijIjalXck7saUtuanSDyLMxnHhSXEDJqHxD7msR8D0uCmqlkwjCV8xvwHw=="
  "resolved" "https://registry.npmjs.org/fast-json-stable-stringify/-/fast-json-stable-stringify-2.1.0.tgz"
  "version" "2.1.0"

"fast-levenshtein@~2.0.6":
  "integrity" "sha1-PYpcZog6FqMMqGQ+hR8Zuqd5eRc="
  "resolved" "https://registry.npmjs.org/fast-levenshtein/-/fast-levenshtein-2.0.6.tgz"
  "version" "2.0.6"

"find-up@^4.0.0":
  "integrity" "sha512-PpOwAdQ/YlXQ2vj8a3h8IipDuYRi3wceVQQGYWxNINccq40Anw7BlsEXCMbt1Zt+OLA6Fq9suIpIWD0OsnISlw=="
  "resolved" "https://registry.npmjs.org/find-up/-/find-up-4.1.0.tgz"
  "version" "4.1.0"
  dependencies:
    "locate-path" "^5.0.0"
    "path-exists" "^4.0.0"

"forever-agent@~0.6.1":
  "integrity" "sha1-+8cfDEGt6zf5bFd60e1C2P2sypE="
  "resolved" "https://registry.npmjs.org/forever-agent/-/forever-agent-0.6.1.tgz"
  "version" "0.6.1"

"form-data@~2.3.2":
  "integrity" "sha512-1lLKB2Mu3aGP1Q/2eCOx0fNbRMe7XdwktwOruhfqqd0rIJWwN4Dh+E3hrPSlDCXnSR7UtZ1N38rVXm+6+MEhJQ=="
  "resolved" "https://registry.npmjs.org/form-data/-/form-data-2.3.3.tgz"
  "version" "2.3.3"
  dependencies:
    "asynckit" "^0.4.0"
    "combined-stream" "^1.0.6"
    "mime-types" "^2.1.12"

"fs.realpath@^1.0.0":
  "integrity" "sha1-FQStJSMVjKpA20onh8sBQRmU6k8="
  "resolved" "https://registry.npmjs.org/fs.realpath/-/fs.realpath-1.0.0.tgz"
  "version" "1.0.0"

"fuzzy-search@^3.2.1":
  "integrity" "sha512-vAcPiyomt1ioKAsAL2uxSABHJ4Ju/e4UeDM+g1OlR0vV4YhLGMNsdLNvZTpEDY4JCSt0E4hASCNM5t2ETtsbyg=="
  "resolved" "https://registry.npmjs.org/fuzzy-search/-/fuzzy-search-3.2.1.tgz"
  "version" "3.2.1"

"getpass@^0.1.1":
  "integrity" "sha1-Xv+OPmhNVprkyysSgmBOi6YhSfo="
  "resolved" "https://registry.npmjs.org/getpass/-/getpass-0.1.7.tgz"
  "version" "0.1.7"
  dependencies:
    "assert-plus" "^1.0.0"

"glob@^7.1.6":
  "integrity" "sha512-lmLf6gtyrPq8tTjSmrO94wBeQbFR3HbLHbuyD69wuyQkImp2hWqMGB47OX65FBkPffO641IP9jWa1z4ivqG26Q=="
  "resolved" "https://registry.npmjs.org/glob/-/glob-7.2.0.tgz"
  "version" "7.2.0"
  dependencies:
    "fs.realpath" "^1.0.0"
    "inflight" "^1.0.4"
    "inherits" "2"
    "minimatch" "^3.0.4"
    "once" "^1.3.0"
    "path-is-absolute" "^1.0.0"

"har-schema@^2.0.0":
  "integrity" "sha1-qUwiJOvKwEeCoNkDVSHyRzW37JI="
  "resolved" "https://registry.npmjs.org/har-schema/-/har-schema-2.0.0.tgz"
  "version" "2.0.0"

"har-validator@~5.1.3":
  "integrity" "sha512-nmT2T0lljbxdQZfspsno9hgrG3Uir6Ks5afism62poxqBM6sDnMEuPmzTq8XN0OEwqKLLdh1jQI3qyE66Nzb3w=="
  "resolved" "https://registry.npmjs.org/har-validator/-/har-validator-5.1.5.tgz"
  "version" "5.1.5"
  dependencies:
    "ajv" "^6.12.3"
    "har-schema" "^2.0.0"

"html-encoding-sniffer@^1.0.2":
  "integrity" "sha512-71lZziiDnsuabfdYiUeWdCVyKuqwWi23L8YeIgV9jSSZHCtb6wB1BKWooH7L3tn4/FuZJMVWyNaIDr4RGmaSYw=="
  "resolved" "https://registry.npmjs.org/html-encoding-sniffer/-/html-encoding-sniffer-1.0.2.tgz"
  "version" "1.0.2"
  dependencies:
    "whatwg-encoding" "^1.0.1"

"http-proxy-agent@^2.1.0":
  "integrity" "sha512-qwHbBLV7WviBl0rQsOzH6o5lwyOIvwp/BdFnvVxXORldu5TmjFfjzBcWUWS5kWAZhmv+JtiDhSuQCp4sBfbIgg=="
  "resolved" "https://registry.npmjs.org/http-proxy-agent/-/http-proxy-agent-2.1.0.tgz"
  "version" "2.1.0"
  dependencies:
    "agent-base" "4"
    "debug" "3.1.0"

"http-signature@~1.2.0":
  "integrity" "sha1-muzZJRFHcvPZW2WmCruPfBj7rOE="
  "resolved" "https://registry.npmjs.org/http-signature/-/http-signature-1.2.0.tgz"
  "version" "1.2.0"
  dependencies:
    "assert-plus" "^1.0.0"
    "jsprim" "^1.2.2"
    "sshpk" "^1.7.0"

"https-proxy-agent@^2.2.3", "https-proxy-agent@^2.2.4":
  "integrity" "sha512-OmvfoQ53WLjtA9HeYP9RNrWMJzzAz1JGaSFr1nijg0PVR1JaD/xbJq1mdEIIlxGpXp9eSe/O2LgU9DJmTPd0Eg=="
  "resolved" "https://registry.npmjs.org/https-proxy-agent/-/https-proxy-agent-2.2.4.tgz"
  "version" "2.2.4"
  dependencies:
    "agent-base" "^4.3.0"
    "debug" "^3.1.0"

"iconv-lite@0.4.24":
  "integrity" "sha512-v3MXnZAcvnywkTUEZomIActle7RXXeedOR31wwl7VlyoXO4Qi9arvSenNQWne1TcRwhCL1HwLI21bEqdpj8/rA=="
  "resolved" "https://registry.npmjs.org/iconv-lite/-/iconv-lite-0.4.24.tgz"
  "version" "0.4.24"
  dependencies:
    "safer-buffer" ">= 2.1.2 < 3"

"inflight@^1.0.4":
  "integrity" "sha1-Sb1jMdfQLQwJvJEKEHW6gWW1bfk="
  "resolved" "https://registry.npmjs.org/inflight/-/inflight-1.0.6.tgz"
  "version" "1.0.6"
  dependencies:
    "once" "^1.3.0"
    "wrappy" "1"

"inherits@2":
  "integrity" "sha512-k/vGaX4/Yla3WzyMCvTQOXYeIHvqOKtnqBduzTHpzpQZzAskKMhZ2K+EnBiSM9zGSoIFeMpXKxa4dYeZIQqewQ=="
  "resolved" "https://registry.npmjs.org/inherits/-/inherits-2.0.4.tgz"
  "version" "2.0.4"

"is-typedarray@~1.0.0":
  "integrity" "sha1-5HnICFjfDBsR3dppQPlgEfzaSpo="
  "resolved" "https://registry.npmjs.org/is-typedarray/-/is-typedarray-1.0.0.tgz"
  "version" "1.0.0"

"isstream@~0.1.2":
  "integrity" "sha1-R+Y/evVa+m+S4VAOaQ64uFKcCZo="
  "resolved" "https://registry.npmjs.org/isstream/-/isstream-0.1.2.tgz"
  "version" "0.1.2"

"js-yaml@^4.1.0":
  "integrity" "sha512-wpxZs9NoxZaJESJGIZTyDEaYpl0FKSA+FB9aJiyemKhMwkxQg63h4T1KJgUGHpTqPDNRcmmYLugrRjJlBtWvRA=="
  "resolved" "https://registry.npmjs.org/js-yaml/-/js-yaml-4.1.0.tgz"
  "version" "4.1.0"
  dependencies:
    "argparse" "^2.0.1"

"jsbn@~0.1.0":
  "integrity" "sha1-peZUwuWi3rXyAdls77yoDA7y9RM="
  "resolved" "https://registry.npmjs.org/jsbn/-/jsbn-0.1.1.tgz"
  "version" "0.1.1"

"jsdom@^11.9.0":
  "integrity" "sha512-y8Px43oyiBM13Zc1z780FrfNLJCXTL40EWlty/LXUtcjykRBNgLlCjWXpfSPBl2iv+N7koQN+dvqszHZgT/Fjw=="
  "resolved" "https://registry.npmjs.org/jsdom/-/jsdom-11.12.0.tgz"
  "version" "11.12.0"
  dependencies:
    "abab" "^2.0.0"
    "acorn" "^5.5.3"
    "acorn-globals" "^4.1.0"
    "array-equal" "^1.0.0"
    "cssom" ">= 0.3.2 < 0.4.0"
    "cssstyle" "^1.0.0"
    "data-urls" "^1.0.0"
    "domexception" "^1.0.1"
    "escodegen" "^1.9.1"
    "html-encoding-sniffer" "^1.0.2"
    "left-pad" "^1.3.0"
    "nwsapi" "^2.0.7"
    "parse5" "4.0.0"
    "pn" "^1.1.0"
    "request" "^2.87.0"
    "request-promise-native" "^1.0.5"
    "sax" "^1.2.4"
    "symbol-tree" "^3.2.2"
    "tough-cookie" "^2.3.4"
    "w3c-hr-time" "^1.0.1"
    "webidl-conversions" "^4.0.2"
    "whatwg-encoding" "^1.0.3"
    "whatwg-mimetype" "^2.1.0"
    "whatwg-url" "^6.4.1"
    "ws" "^5.2.0"
    "xml-name-validator" "^3.0.0"

"json-schema-traverse@^0.4.1":
  "integrity" "sha512-xbbCH5dCYU5T8LcEhhuh7HJ88HXuW3qsI3Y0zOZFKfZEHcpWiHU/Jxzk629Brsab/mMiHQti9wMP+845RPe3Vg=="
  "resolved" "https://registry.npmjs.org/json-schema-traverse/-/json-schema-traverse-0.4.1.tgz"
  "version" "0.4.1"

"json-schema@0.2.3":
  "integrity" "sha1-tIDIkuWaLwWVTOcnvT8qTogvnhM="
  "resolved" "https://registry.npmjs.org/json-schema/-/json-schema-0.2.3.tgz"
  "version" "0.2.3"

"json-stringify-safe@~5.0.1":
  "integrity" "sha1-Epai1Y/UXxmg9s4B1lcB4sc1tus="
  "resolved" "https://registry.npmjs.org/json-stringify-safe/-/json-stringify-safe-5.0.1.tgz"
  "version" "5.0.1"

"jsonc-parser@^1.0.0":
  "integrity" "sha512-hk/69oAeaIzchq/v3lS50PXuzn5O2ynldopMC+SWBql7J2WtdptfB9dy8Y7+Og5rPkTCpn83zTiO8FMcqlXJ/g=="
  "resolved" "https://registry.npmjs.org/jsonc-parser/-/jsonc-parser-1.0.3.tgz"
  "version" "1.0.3"

"jsonc-parser@^2.2.1":
  "integrity" "sha512-H8jvkz1O50L3dMZCsLqiuB2tA7muqbSg1AtGEkN0leAqGjsUzDJir3Zwr02BhqdcITPg3ei3mZ+HjMocAknhhg=="
  "resolved" "https://registry.npmjs.org/jsonc-parser/-/jsonc-parser-2.3.1.tgz"
  "version" "2.3.1"

"jsonc-parser@^3.0.0":
  "integrity" "sha512-fQzRfAbIBnR0IQvftw9FJveWiHp72Fg20giDrHz6TdfB12UH/uue0D3hm57UB5KgAVuniLMCaS8P1IMj9NR7cA=="
  "resolved" "https://registry.npmjs.org/jsonc-parser/-/jsonc-parser-3.0.0.tgz"
  "version" "3.0.0"

"jsprim@^1.2.2":
  "integrity" "sha1-MT5mvB5cwG5Di8G3SZwuXFastqI="
  "resolved" "https://registry.npmjs.org/jsprim/-/jsprim-1.4.1.tgz"
  "version" "1.4.1"
  dependencies:
    "assert-plus" "1.0.0"
    "extsprintf" "1.3.0"
    "json-schema" "0.2.3"
    "verror" "1.10.0"

"left-pad@^1.3.0":
  "integrity" "sha512-XI5MPzVNApjAyhQzphX8BkmKsKUxD4LdyK24iZeQGinBN9yTQT3bFlCBy/aVx2HrNcqQGsdot8ghrjyrvMCoEA=="
  "resolved" "https://registry.npmjs.org/left-pad/-/left-pad-1.3.0.tgz"
  "version" "1.3.0"

"levn@~0.3.0":
  "integrity" "sha1-OwmSTt+fCDwEkP3UwLxEIeBHZO4="
  "resolved" "https://registry.npmjs.org/levn/-/levn-0.3.0.tgz"
  "version" "0.3.0"
  dependencies:
    "prelude-ls" "~1.1.2"
    "type-check" "~0.3.2"

"locate-path@^5.0.0":
  "integrity" "sha512-t7hw9pI+WvuwNJXwk5zVHpyhIqzg2qTlklJOf0mVxGSbe3Fp2VieZcduNYjaLDoy6p9uGpQEGWG87WpMKlNq8g=="
  "resolved" "https://registry.npmjs.org/locate-path/-/locate-path-5.0.0.tgz"
  "version" "5.0.0"
  dependencies:
    "p-locate" "^4.1.0"

"lodash.sortby@^4.7.0":
  "integrity" "sha1-7dFMgk4sycHgsKG0K7UhBRakJDg="
  "resolved" "https://registry.npmjs.org/lodash.sortby/-/lodash.sortby-4.7.0.tgz"
  "version" "4.7.0"

"lodash@^4.17.19":
  "integrity" "sha512-v2kDEe57lecTulaDIuNTPy3Ry4gLGJ6Z1O3vE1krgXZNrsQ+LFTGHVxVjcXPs17LhbZVGedAJv8XZ1tvj5FvSg=="
  "resolved" "https://registry.npmjs.org/lodash/-/lodash-4.17.21.tgz"
  "version" "4.17.21"

"mime-db@1.50.0":
  "integrity" "sha512-9tMZCDlYHqeERXEHO9f/hKfNXhre5dK2eE/krIvUjZbS2KPcqGDfNShIWS1uW9XOTKQKqK6qbeOci18rbfW77A=="
  "resolved" "https://registry.npmjs.org/mime-db/-/mime-db-1.50.0.tgz"
  "version" "1.50.0"

"mime-types@^2.1.12", "mime-types@~2.1.19":
  "integrity" "sha512-plLElXp7pRDd0bNZHw+nMd52vRYjLwQjygaNg7ddJ2uJtTlmnTCjWuPKxVu6//AdaRuME84SvLW91sIkBqGT0g=="
  "resolved" "https://registry.npmjs.org/mime-types/-/mime-types-2.1.33.tgz"
  "version" "2.1.33"
  dependencies:
    "mime-db" "1.50.0"

"minimatch@^3.0.4":
  "integrity" "sha512-yJHVQEhyqPLUTgt9B83PXu6W3rx4MvvHvSUvToogpwoGDOUQ+yDrR0HRot+yOCdCO7u4hX3pWft6kWBBcqh0UA=="
  "resolved" "https://registry.npmjs.org/minimatch/-/minimatch-3.0.4.tgz"
  "version" "3.0.4"
  dependencies:
    "brace-expansion" "^1.1.7"

"ms@^2.1.1":
  "integrity" "sha512-6FlzubTLZG3J2a/NVCAleEhjzq5oxgHyaCU9yYXvcLsvoVaHJq/s5xXI6/XXP6tz7R9xAOtHnSO/tXtF3WRTlA=="
  "resolved" "https://registry.npmjs.org/ms/-/ms-2.1.3.tgz"
  "version" "2.1.3"

"ms@2.0.0":
  "integrity" "sha1-VgiurfwAvmwpAd9fmGF4jeDVl8g="
  "resolved" "https://registry.npmjs.org/ms/-/ms-2.0.0.tgz"
  "version" "2.0.0"

"nwsapi@^2.0.7":
  "integrity" "sha512-h2AatdwYH+JHiZpv7pt/gSX1XoRGb7L/qSIeuqA6GwYoF9w1vP1cw42TO0aI2pNyshRK5893hNSl+1//vHK7hQ=="
  "resolved" "https://registry.npmjs.org/nwsapi/-/nwsapi-2.2.0.tgz"
  "version" "2.2.0"

"oauth-sign@~0.9.0":
  "integrity" "sha512-fexhUFFPTGV8ybAtSIGbV6gOkSv8UtRbDBnAyLQw4QPKkgNlsH2ByPGtMUqdWkos6YCRmAqViwgZrJc/mRDzZQ=="
  "resolved" "https://registry.npmjs.org/oauth-sign/-/oauth-sign-0.9.0.tgz"
  "version" "0.9.0"

"once@^1.3.0":
  "integrity" "sha1-WDsap3WWHUsROsF9nFC6753Xa9E="
  "resolved" "https://registry.npmjs.org/once/-/once-1.4.0.tgz"
  "version" "1.4.0"
  dependencies:
    "wrappy" "1"

"optionator@^0.8.1":
  "integrity" "sha512-+IW9pACdk3XWmmTXG8m3upGUJst5XRGzxMRjXzAuJ1XnIFNvfhjjIuYkDvysnPQ7qzqVzLt78BCruntqRhWQbA=="
  "resolved" "https://registry.npmjs.org/optionator/-/optionator-0.8.3.tgz"
  "version" "0.8.3"
  dependencies:
    "deep-is" "~0.1.3"
    "fast-levenshtein" "~2.0.6"
    "levn" "~0.3.0"
    "prelude-ls" "~1.1.2"
    "type-check" "~0.3.2"
    "word-wrap" "~1.2.3"

"p-limit@^2.2.0":
  "integrity" "sha512-//88mFWSJx8lxCzwdAABTJL2MyWB12+eIY7MDL2SqLmAkeKU9qxRvWuSyTjm3FUmpBEMuFfckAIqEaVGUDxb6w=="
  "resolved" "https://registry.npmjs.org/p-limit/-/p-limit-2.3.0.tgz"
  "version" "2.3.0"
  dependencies:
    "p-try" "^2.0.0"

"p-locate@^4.1.0":
  "integrity" "sha512-R79ZZ/0wAxKGu3oYMlz8jy/kbhsNrS7SKZ7PxEHBgJ5+F2mtFW2fK2cOtBh1cHYkQsbzFV7I+EoRKe6Yt0oK7A=="
  "resolved" "https://registry.npmjs.org/p-locate/-/p-locate-4.1.0.tgz"
  "version" "4.1.0"
  dependencies:
    "p-limit" "^2.2.0"

"p-try@^2.0.0":
  "integrity" "sha512-R4nPAVTAU0B9D35/Gk3uJf/7XYbQcyohSKdvAxIRSNghFl4e71hVoGnBNQz9cWaXxO2I10KTC+3jMdvvoKw6dQ=="
  "resolved" "https://registry.npmjs.org/p-try/-/p-try-2.2.0.tgz"
  "version" "2.2.0"

"parse5@4.0.0":
  "integrity" "sha512-VrZ7eOd3T1Fk4XWNXMgiGBK/z0MG48BWG2uQNU4I72fkQuKUTZpl+u9k+CxEG0twMVzSmXEEz12z5Fnw1jIQFA=="
  "resolved" "https://registry.npmjs.org/parse5/-/parse5-4.0.0.tgz"
  "version" "4.0.0"

"path-exists@^4.0.0":
  "integrity" "sha512-ak9Qy5Q7jYb2Wwcey5Fpvg2KoAc/ZIhLSLOSBmRmygPsGwkVVt0fZa0qrtMz+m6tJTAHfZQ8FnmB4MG4LWy7/w=="
  "resolved" "https://registry.npmjs.org/path-exists/-/path-exists-4.0.0.tgz"
  "version" "4.0.0"

"path-is-absolute@^1.0.0":
  "integrity" "sha1-F0uSaHNVNP+8es5r9TpanhtcX18="
  "resolved" "https://registry.npmjs.org/path-is-absolute/-/path-is-absolute-1.0.1.tgz"
  "version" "1.0.1"

"performance-now@^2.1.0":
  "integrity" "sha1-Ywn04OX6kT7BxpMHrjZLSzd8nns="
  "resolved" "https://registry.npmjs.org/performance-now/-/performance-now-2.1.0.tgz"
  "version" "2.1.0"

"pkg-dir@^4.2.0":
  "integrity" "sha512-HRDzbaKjC+AOWVXxAU/x54COGeIv9eb+6CkDSQoNTt4XyWoIJvuPsXizxu/Fr23EiekbtZwmh1IcIG/l/a10GQ=="
  "resolved" "https://registry.npmjs.org/pkg-dir/-/pkg-dir-4.2.0.tgz"
  "version" "4.2.0"
  dependencies:
    "find-up" "^4.0.0"

"pn@^1.1.0":
  "integrity" "sha512-2qHaIQr2VLRFoxe2nASzsV6ef4yOOH+Fi9FBOVH6cqeSgUnoyySPZkxzLuzd+RYOQTRpROA0ztTMqxROKSb/nA=="
  "resolved" "https://registry.npmjs.org/pn/-/pn-1.1.0.tgz"
  "version" "1.1.0"

"prelude-ls@~1.1.2":
  "integrity" "sha1-IZMqVJ9eUv/ZqCf1cOBL5iqX2lQ="
  "resolved" "https://registry.npmjs.org/prelude-ls/-/prelude-ls-1.1.2.tgz"
  "version" "1.1.2"

"prettier@2.0.5":
  "integrity" "sha512-7PtVymN48hGcO4fGjybyBSIWDsLU4H4XlvOHfq91pz9kkGlonzwTfYkaIEwiRg/dAJF9YlbsduBAgtYLi+8cFg=="
  "resolved" "https://registry.npmjs.org/prettier/-/prettier-2.0.5.tgz"
  "version" "2.0.5"

"psl@^1.1.28":
  "integrity" "sha512-RIdOzyoavK+hA18OGGWDqUTsCLhtA7IcZ/6NCs4fFJaHBDab+pDDmDIByWFRQJq2Cd7r1OoQxBGKOaztq+hjIQ=="
  "resolved" "https://registry.npmjs.org/psl/-/psl-1.8.0.tgz"
  "version" "1.8.0"

"punycode@^2.1.0", "punycode@^2.1.1":
  "integrity" "sha512-XRsRjdf+j5ml+y/6GKHPZbrF/8p2Yga0JPtdqTIY2Xe5ohJPD9saDJJLPvp9+NSBprVvevdXZybnj2cv8OEd0A=="
  "resolved" "https://registry.npmjs.org/punycode/-/punycode-2.1.1.tgz"
  "version" "2.1.1"

"pyright@^1.1.181":
  "integrity" "sha512-g9AfFom560UujVWfhRYSJCVGEB2uEqG9wf7wmUTcxUV8uTTvZFq+md3PHLXRlXCQtFZcvZRe1lZldGp0Lpeo2A=="
  "resolved" "https://registry.npmjs.org/pyright/-/pyright-1.1.183.tgz"
  "version" "1.1.183"

"qs@~6.5.2":
  "integrity" "sha512-N5ZAX4/LxJmF+7wN74pUD6qAh9/wnvdQcjq9TZjevvXzSUo7bfmw91saqMjzGS2xq91/odN2dW/WOl7qQHNDGA=="
  "resolved" "https://registry.npmjs.org/qs/-/qs-6.5.2.tgz"
  "version" "6.5.2"

"request-light@^0.2.4":
  "integrity" "sha512-eBEh+GzJAftUnex6tcL6eV2JCifY0+sZMIUpUPOVXbs2nV5hla4ZMmO3icYKGuGVuQ2zHE9evh4OrRcH4iyYYw=="
  "resolved" "https://registry.npmjs.org/request-light/-/request-light-0.2.5.tgz"
  "version" "0.2.5"
  dependencies:
    "http-proxy-agent" "^2.1.0"
    "https-proxy-agent" "^2.2.3"
    "vscode-nls" "^4.1.1"

"request-light@^0.4.0":
  "integrity" "sha512-fimzjIVw506FBZLspTAXHdpvgvQebyjpNyLRd0e6drPPRq7gcrROeGWRyF81wLqFg5ijPgnOQbmfck5wdTqpSA=="
  "resolved" "https://registry.npmjs.org/request-light/-/request-light-0.4.0.tgz"
  "version" "0.4.0"
  dependencies:
    "http-proxy-agent" "^2.1.0"
    "https-proxy-agent" "^2.2.4"
    "vscode-nls" "^4.1.2"

"request-promise-core@1.1.4":
  "integrity" "sha512-TTbAfBBRdWD7aNNOoVOBH4pN/KigV6LyapYNNlAPA8JwbovRti1E88m3sYAwsLi5ryhPKsE9APwnjFTgdUjTpw=="
  "resolved" "https://registry.npmjs.org/request-promise-core/-/request-promise-core-1.1.4.tgz"
  "version" "1.1.4"
  dependencies:
    "lodash" "^4.17.19"

"request-promise-native@^1.0.5":
  "integrity" "sha512-wcW+sIUiWnKgNY0dqCpOZkUbF/I+YPi+f09JZIDa39Ec+q82CpSYniDp+ISgTTbKmnpJWASeJBPZmoxH84wt3g=="
  "resolved" "https://registry.npmjs.org/request-promise-native/-/request-promise-native-1.0.9.tgz"
  "version" "1.0.9"
  dependencies:
    "request-promise-core" "1.1.4"
    "stealthy-require" "^1.1.1"
    "tough-cookie" "^2.3.3"

"request@^2.34", "request@^2.83.0", "request@^2.87.0":
  "integrity" "sha512-MsvtOrfG9ZcrOwAW+Qi+F6HbD0CWXEh9ou77uOb7FM2WPhwT7smM833PzanhJLsgXjN89Ir6V2PczXNnMpwKhw=="
  "resolved" "https://registry.npmjs.org/request/-/request-2.88.2.tgz"
  "version" "2.88.2"
  dependencies:
    "aws-sign2" "~0.7.0"
    "aws4" "^1.8.0"
    "caseless" "~0.12.0"
    "combined-stream" "~1.0.6"
    "extend" "~3.0.2"
    "forever-agent" "~0.6.1"
    "form-data" "~2.3.2"
    "har-validator" "~5.1.3"
    "http-signature" "~1.2.0"
    "is-typedarray" "~1.0.0"
    "isstream" "~0.1.2"
    "json-stringify-safe" "~5.0.1"
    "mime-types" "~2.1.19"
    "oauth-sign" "~0.9.0"
    "performance-now" "^2.1.0"
    "qs" "~6.5.2"
    "safe-buffer" "^5.1.2"
    "tough-cookie" "~2.5.0"
    "tunnel-agent" "^0.6.0"
    "uuid" "^3.3.2"

"safe-buffer@^5.0.1", "safe-buffer@^5.1.2":
  "integrity" "sha512-rp3So07KcdmmKbGvgaNxQSJr7bGVSVk5S9Eq1F+ppbRo70+YeaDxkw5Dd8NPN+GD6bjnYm2VuPuCXmpuYvmCXQ=="
  "resolved" "https://registry.npmjs.org/safe-buffer/-/safe-buffer-5.2.1.tgz"
  "version" "5.2.1"

"safer-buffer@^2.0.2", "safer-buffer@^2.1.0", "safer-buffer@>= 2.1.2 < 3", "safer-buffer@~2.1.0":
  "integrity" "sha512-YZo3K82SD7Riyi0E1EQPojLz7kpepnSQI9IyPbHHg1XXXevb5dJI7tpyN2ADxGcQbHG7vcyRHk0cbwqcQriUtg=="
  "resolved" "https://registry.npmjs.org/safer-buffer/-/safer-buffer-2.1.2.tgz"
  "version" "2.1.2"

"sax@^1.2.4":
  "integrity" "sha512-NqVDv9TpANUjFm0N8uM5GxL36UgKi9/atZw+x7YFnQ8ckwFGKrl4xX4yWtrey3UJm5nP1kUbnYgLopqWNSRhWw=="
  "resolved" "https://registry.npmjs.org/sax/-/sax-1.2.4.tgz"
  "version" "1.2.4"

"source-map@~0.6.1":
  "integrity" "sha512-UjgapumWlbMhkBgzT7Ykc5YXUT46F0iKu8SGXq0bcwP5dz/h0Plj6enJqjz1Zbq2l5WaqYnrVbwWOWMyF3F47g=="
  "resolved" "https://registry.npmjs.org/source-map/-/source-map-0.6.1.tgz"
  "version" "0.6.1"

"sshpk@^1.7.0":
  "integrity" "sha512-HXXqVUq7+pcKeLqqZj6mHFUMvXtOJt1uoUx09pFW6011inTMxqI8BA8PM95myrIyyKwdnzjdFjLiE6KBPVtJIg=="
  "resolved" "https://registry.npmjs.org/sshpk/-/sshpk-1.16.1.tgz"
  "version" "1.16.1"
  dependencies:
    "asn1" "~0.2.3"
    "assert-plus" "^1.0.0"
    "bcrypt-pbkdf" "^1.0.0"
    "dashdash" "^1.12.0"
    "ecc-jsbn" "~0.1.1"
    "getpass" "^0.1.1"
    "jsbn" "~0.1.0"
    "safer-buffer" "^2.0.2"
    "tweetnacl" "~0.14.0"

"stealthy-require@^1.1.1":
  "integrity" "sha1-NbCYdbT/SfJqd35QmzCQoyJr8ks="
  "resolved" "https://registry.npmjs.org/stealthy-require/-/stealthy-require-1.1.1.tgz"
  "version" "1.1.1"

"symbol-tree@^3.2.2":
  "integrity" "sha512-9QNk5KwDF+Bvz+PyObkmSYjI5ksVUYtjW7AU22r2NKcfLJcXp96hkDWU3+XndOsUb+AQ9QhfzfCT2O+CNWT5Tw=="
  "resolved" "https://registry.npmjs.org/symbol-tree/-/symbol-tree-3.2.4.tgz"
  "version" "3.2.4"

"tough-cookie@^2.3.3", "tough-cookie@^2.3.4", "tough-cookie@~2.5.0":
  "integrity" "sha512-nlLsUzgm1kfLXSXfRZMc1KLAugd4hqJHDTvc2hDIwS3mZAfMEuMbc03SujMF+GEcpaX/qboeycw6iO8JwVv2+g=="
  "resolved" "https://registry.npmjs.org/tough-cookie/-/tough-cookie-2.5.0.tgz"
  "version" "2.5.0"
  dependencies:
    "psl" "^1.1.28"
    "punycode" "^2.1.1"

"tr46@^1.0.1":
  "integrity" "sha1-qLE/1r/SSJUZZ0zN5VujaTtwbQk="
  "resolved" "https://registry.npmjs.org/tr46/-/tr46-1.0.1.tgz"
  "version" "1.0.1"
  dependencies:
    "punycode" "^2.1.0"

"tslib@^2.0.0":
  "integrity" "sha512-77EbyPPpMz+FRFRuAFlWMtmgUWGe9UOG2Z25NqCwiIjRhOf5iKGuzSe5P2w1laq+FkRy4p+PCuVkJSGkzTEKVw=="
  "resolved" "https://registry.npmjs.org/tslib/-/tslib-2.3.1.tgz"
  "version" "2.3.1"

"tunnel-agent@^0.6.0":
  "integrity" "sha1-J6XeoGs2sEoKmWZ3SykIaPD8QP0="
  "resolved" "https://registry.npmjs.org/tunnel-agent/-/tunnel-agent-0.6.0.tgz"
  "version" "0.6.0"
  dependencies:
    "safe-buffer" "^5.0.1"

"turndown@^4.0.2":
  "integrity" "sha512-pqZ6WrHFGnxXC9q2xJ3Qa7EoLAwrojgFRajWZjxTKwbz9vnNnyi8lLjiD5h86UTPOcMlEyHjm6NMhjEDdlc25A=="
  "resolved" "https://registry.npmjs.org/turndown/-/turndown-4.0.2.tgz"
  "version" "4.0.2"
  dependencies:
    "jsdom" "^11.9.0"

"tweetnacl@^0.14.3", "tweetnacl@~0.14.0":
  "integrity" "sha1-WuaBd/GS1EViadEIr6k/+HQ/T2Q="
  "resolved" "https://registry.npmjs.org/tweetnacl/-/tweetnacl-0.14.5.tgz"
  "version" "0.14.5"

"type-check@~0.3.2":
  "integrity" "sha1-WITKtRLPHTVeP7eE8wgEsrUg23I="
  "resolved" "https://registry.npmjs.org/type-check/-/type-check-0.3.2.tgz"
  "version" "0.3.2"
  dependencies:
    "prelude-ls" "~1.1.2"

"typescript@^4", "typescript@^4.3.5":
  "integrity" "sha512-DqGhF5IKoBl8WNf8C1gu8q0xZSInh9j1kJJMqT3a94w1JzVaBU4EXOSMrz9yDqMT0xt3selp83fuFMQ0uzv6qA=="
  "resolved" "https://registry.npmjs.org/typescript/-/typescript-4.4.4.tgz"
  "version" "4.4.4"

"uri-js@^4.2.2":
  "integrity" "sha512-7rKUyy33Q1yc98pQ1DAmLtwX109F7TIfWlW1Ydo8Wl1ii1SeHieeh0HHfPeL2fMXK6z0s8ecKs9frCuLJvndBg=="
  "resolved" "https://registry.npmjs.org/uri-js/-/uri-js-4.4.1.tgz"
  "version" "4.4.1"
  dependencies:
    "punycode" "^2.1.0"

"urijs@^1.19.1":
  "integrity" "sha512-Id+IKjdU0Hx+7Zx717jwLPsPeUqz7rAtuVBRLLs+qn+J2nf9NGITWVCxcijgYxBqe83C7sqsQPs6H1pyz3x9gA=="
  "resolved" "https://registry.npmjs.org/urijs/-/urijs-1.19.7.tgz"
  "version" "1.19.7"

"uuid@^3.3.2":
  "integrity" "sha512-HjSDRw6gZE5JMggctHBcjVak08+KEVhSIiDzFnT9S9aegmp85S/bReBVTb4QTFaRNptJ9kuYaNhnbNEOkbKb/A=="
  "resolved" "https://registry.npmjs.org/uuid/-/uuid-3.4.0.tgz"
  "version" "3.4.0"

"verror@1.10.0":
  "integrity" "sha1-OhBcoXBTr1XW4nDB+CiGguGNpAA="
  "resolved" "https://registry.npmjs.org/verror/-/verror-1.10.0.tgz"
  "version" "1.10.0"
  dependencies:
    "assert-plus" "^1.0.0"
    "core-util-is" "1.0.2"
    "extsprintf" "^1.2.0"

"vscode-emmet-helper@^1.2.15":
  "integrity" "sha512-X4pzcrJ8dE7M3ArFuySF5fgipKDd/EauXkiJwtjBIVRWpVNq0tF9+lNCyuC7iDUwP3Oq7ow/TGssD3GdG96Jow=="
  "resolved" "https://registry.npmjs.org/vscode-emmet-helper/-/vscode-emmet-helper-1.2.17.tgz"
  "version" "1.2.17"
  dependencies:
    "@emmetio/extract-abbreviation" "0.1.6"
    "jsonc-parser" "^1.0.0"
    "vscode-languageserver-types" "^3.6.0-next.1"

"vscode-json-languageserver@^1.3.4":
  "integrity" "sha512-+ghebnslXk6fVDySBrT0BVqozLDdmKY/qxgkDD4JtOQcU2vXc3e7jh7YyMxvuvE93E9OLvBqUrvajttj8xf3BA=="
  "resolved" "https://registry.npmjs.org/vscode-json-languageserver/-/vscode-json-languageserver-1.3.4.tgz"
  "version" "1.3.4"
  dependencies:
    "jsonc-parser" "^3.0.0"
    "request-light" "^0.4.0"
    "vscode-json-languageservice" "^4.0.2"
    "vscode-languageserver" "^7.0.0"
    "vscode-uri" "^3.0.2"

"vscode-json-languageservice@^4.0.2", "vscode-json-languageservice@^4.1.0":
  "integrity" "sha512-kxNHitUy2fCxmP6vAp0SRLrUSuecUYzzxlC+85cC3jJlFHWmvtCJOzikC+kcUnIdls9fQSB8n0yHs8Sl6taxJw=="
  "resolved" "https://registry.npmjs.org/vscode-json-languageservice/-/vscode-json-languageservice-4.1.9.tgz"
  "version" "4.1.9"
  dependencies:
    "jsonc-parser" "^3.0.0"
    "vscode-languageserver-textdocument" "^1.0.1"
    "vscode-languageserver-types" "^3.16.0"
    "vscode-nls" "^5.0.0"
    "vscode-uri" "^3.0.2"

"vscode-json-languageservice@4.1.0":
  "integrity" "sha512-QW2SFk4kln5lTPQajGNuXWtmr2z9hVA6Sfi4qPFEW2vjt2XaUAp38/1OrcUQYiJXOyXntbWN2jZJaGxg+hDUxw=="
  "resolved" "https://registry.npmjs.org/vscode-json-languageservice/-/vscode-json-languageservice-4.1.0.tgz"
  "version" "4.1.0"
  dependencies:
    "jsonc-parser" "^3.0.0"
    "minimatch" "^3.0.4"
    "vscode-languageserver-textdocument" "^1.0.1"
    "vscode-languageserver-types" "^3.16.0"
    "vscode-nls" "^5.0.0"
    "vscode-uri" "^3.0.2"

"vscode-jsonrpc@6.0.0":
  "integrity" "sha512-wnJA4BnEjOSyFMvjZdpiOwhSq9uDoK8e/kpRJDTaMYzwlkrhG1fwDIZI94CLsLzlCK5cIbMMtFlJlfR57Lavmg=="
  "resolved" "https://registry.npmjs.org/vscode-jsonrpc/-/vscode-jsonrpc-6.0.0.tgz"
  "version" "6.0.0"

"vscode-languageserver-protocol@^3.15.3", "vscode-languageserver-protocol@3.16.0":
  "integrity" "sha512-sdeUoAawceQdgIfTI+sdcwkiK2KU+2cbEYA0agzM2uqaUy2UpnnGHtWTHVEtS0ES4zHU0eMFRGN+oQgDxlD66A=="
  "resolved" "https://registry.npmjs.org/vscode-languageserver-protocol/-/vscode-languageserver-protocol-3.16.0.tgz"
  "version" "3.16.0"
  dependencies:
    "vscode-jsonrpc" "6.0.0"
    "vscode-languageserver-types" "3.16.0"

"vscode-languageserver-textdocument@^1.0.1":
  "integrity" "sha512-T7uPC18+f8mYE4lbVZwb3OSmvwTZm3cuFhrdx9Bn2l11lmp3SvSuSVjy2JtvrghzjAo4G6Trqny2m9XGnFnWVA=="
  "resolved" "https://registry.npmjs.org/vscode-languageserver-textdocument/-/vscode-languageserver-textdocument-1.0.2.tgz"
  "version" "1.0.2"

"vscode-languageserver-types@^3.16.0", "vscode-languageserver-types@^3.6.0-next.1", "vscode-languageserver-types@3.16.0":
  "integrity" "sha512-k8luDIWJWyenLc5ToFQQMaSrqCHiLwyKPHKPQZ5zz21vM+vIVUSvsRpcbiECH4WR88K2XZqc4ScRcZ7nk/jbeA=="
  "resolved" "https://registry.npmjs.org/vscode-languageserver-types/-/vscode-languageserver-types-3.16.0.tgz"
  "version" "3.16.0"

"vscode-languageserver@^6.1.1":
  "integrity" "sha512-DueEpkUAkD5XTR4MLYNr6bQIp/UFR0/IPApgXU3YfCBCB08u2sm9hRCs6DxYZELkk++STPjpcjksR2H8qI3cDQ=="
  "resolved" "https://registry.npmjs.org/vscode-languageserver/-/vscode-languageserver-6.1.1.tgz"
  "version" "6.1.1"
  dependencies:
    "vscode-languageserver-protocol" "^3.15.3"

"vscode-languageserver@^7.0.0":
  "integrity" "sha512-60HTx5ID+fLRcgdHfmz0LDZAXYEV68fzwG0JWwEPBode9NuMYTIxuYXPg4ngO8i8+Ou0lM7y6GzaYWbiDL0drw=="
  "resolved" "https://registry.npmjs.org/vscode-languageserver/-/vscode-languageserver-7.0.0.tgz"
  "version" "7.0.0"
  dependencies:
    "vscode-languageserver-protocol" "3.16.0"

"vscode-nls@^4.1.1", "vscode-nls@^4.1.2":
  "integrity" "sha512-7bOHxPsfyuCqmP+hZXscLhiHwe7CSuFE4hyhbs22xPIhQ4jv99FcR4eBzfYYVLP356HNFpdvz63FFb/xw6T4Iw=="
  "resolved" "https://registry.npmjs.org/vscode-nls/-/vscode-nls-4.1.2.tgz"
  "version" "4.1.2"

"vscode-nls@^5.0.0":
  "integrity" "sha512-u0Lw+IYlgbEJFF6/qAqG2d1jQmJl0eyAGJHoAJqr2HT4M2BNuQYSEiSE75f52pXHSJm8AlTjnLLbBFPrdz2hpA=="
  "resolved" "https://registry.npmjs.org/vscode-nls/-/vscode-nls-5.0.0.tgz"
  "version" "5.0.0"

"vscode-uri@^2.1.1":
  "integrity" "sha512-8TEXQxlldWAuIODdukIb+TR5s+9Ds40eSJrw+1iDDA9IFORPjMELarNQE3myz5XIkWWpdprmJjm1/SxMlWOC8A=="
  "resolved" "https://registry.npmjs.org/vscode-uri/-/vscode-uri-2.1.2.tgz"
  "version" "2.1.2"

"vscode-uri@^3.0.2":
  "integrity" "sha512-jkjy6pjU1fxUvI51P+gCsxg1u2n8LSt0W6KrCNQceaziKzff74GoWmjVG46KieVzybO1sttPQmYfrwSHey7GUA=="
  "resolved" "https://registry.npmjs.org/vscode-uri/-/vscode-uri-3.0.2.tgz"
  "version" "3.0.2"

"w3c-hr-time@^1.0.1":
  "integrity" "sha512-z8P5DvDNjKDoFIHK7q8r8lackT6l+jo/Ye3HOle7l9nICP9lf1Ci25fy9vHd0JOWewkIFzXIEig3TdKT7JQ5fQ=="
  "resolved" "https://registry.npmjs.org/w3c-hr-time/-/w3c-hr-time-1.0.2.tgz"
  "version" "1.0.2"
  dependencies:
    "browser-process-hrtime" "^1.0.0"

"web-tree-sitter@^0.16.2":
  "integrity" "sha512-n1CfuJcJ+dynIx/fmavB6haPx37N3GZvY5HIGIselymDiSwNRC+8pAxOzoB4eVwUBJnbP3+aA8vWttrAZbgs7A=="
  "resolved" "https://registry.npmjs.org/web-tree-sitter/-/web-tree-sitter-0.16.4.tgz"
  "version" "0.16.4"

"webidl-conversions@^4.0.2":
  "integrity" "sha512-YQ+BmxuTgd6UXZW3+ICGfyqRyHXVlD5GtQr5+qjiNW7bF0cqrzX500HVXPBOvgXb5YnzDd+h0zqyv61KUD7+Sg=="
  "resolved" "https://registry.npmjs.org/webidl-conversions/-/webidl-conversions-4.0.2.tgz"
  "version" "4.0.2"

"whatwg-encoding@^1.0.1", "whatwg-encoding@^1.0.3":
  "integrity" "sha512-b5lim54JOPN9HtzvK9HFXvBma/rnfFeqsic0hSpjtDbVxR3dJKLc+KB4V6GgiGOvl7CY/KNh8rxSo9DKQrnUEw=="
  "resolved" "https://registry.npmjs.org/whatwg-encoding/-/whatwg-encoding-1.0.5.tgz"
  "version" "1.0.5"
  dependencies:
    "iconv-lite" "0.4.24"

"whatwg-mimetype@^2.1.0", "whatwg-mimetype@^2.2.0":
  "integrity" "sha512-M4yMwr6mAnQz76TbJm914+gPpB/nCwvZbJU28cUD6dR004SAxDLOOSUaB1JDRqLtaOV/vi0IC5lEAGFgrjGv/g=="
  "resolved" "https://registry.npmjs.org/whatwg-mimetype/-/whatwg-mimetype-2.3.0.tgz"
  "version" "2.3.0"

"whatwg-url@^6.4.1":
  "integrity" "sha512-rhRZRqx/TLJQWUpQ6bmrt2UV4f0HCQ463yQuONJqC6fO2VoEb1pTYddbe59SkYq87aoM5A3bdhMZiUiVws+fzQ=="
  "resolved" "https://registry.npmjs.org/whatwg-url/-/whatwg-url-6.5.0.tgz"
  "version" "6.5.0"
  dependencies:
    "lodash.sortby" "^4.7.0"
    "tr46" "^1.0.1"
    "webidl-conversions" "^4.0.2"

"whatwg-url@^7.0.0":
  "integrity" "sha512-WUu7Rg1DroM7oQvGWfOiAK21n74Gg+T4elXEQYkOhtyLeWiJFoOGLXPKI/9gzIie9CtwVLm8wtw6YJdKyxSjeg=="
  "resolved" "https://registry.npmjs.org/whatwg-url/-/whatwg-url-7.1.0.tgz"
  "version" "7.1.0"
  dependencies:
    "lodash.sortby" "^4.7.0"
    "tr46" "^1.0.1"
    "webidl-conversions" "^4.0.2"

"word-wrap@~1.2.3":
  "integrity" "sha512-Hz/mrNwitNRh/HUAtM/VT/5VH+ygD6DV7mYKZAtHOrbs8U7lvPS6xf7EJKMF0uW1KJCl0H701g3ZGus+muE5vQ=="
  "resolved" "https://registry.npmjs.org/word-wrap/-/word-wrap-1.2.3.tgz"
  "version" "1.2.3"

"wrappy@1":
  "integrity" "sha1-tSQ9jz7BqjXxNkYFvA0QNuMKtp8="
  "resolved" "https://registry.npmjs.org/wrappy/-/wrappy-1.0.2.tgz"
  "version" "1.0.2"

"ws@^5.2.0":
  "integrity" "sha512-jZArVERrMsKUatIdnLzqvcfydI85dvd/Fp1u/VOpfdDWQ4c9qWXe+VIeAbQ5FrDwciAkr+lzofXLz3Kuf26AOA=="
  "resolved" "https://registry.npmjs.org/ws/-/ws-5.2.3.tgz"
  "version" "5.2.3"
  dependencies:
    "async-limiter" "~1.0.0"

"xml-name-validator@^3.0.0":
  "integrity" "sha512-A5CUptxDsvxKJEU3yO6DuWBSJz/qizqzJKOMIfUJHETbBw/sFaDxgd6fxm1ewUaM0jZ444Fc5vC5ROYurg/4Pw=="
  "resolved" "https://registry.npmjs.org/xml-name-validator/-/xml-name-validator-3.0.0.tgz"
  "version" "3.0.0"

"yaml-language-server-parser@0.1.2":
  "integrity" "sha512-GQ2eRE5GcKBK8XVKBIcMyOfC8WMZmEs6gogtVc6knLKE6pG+e5L/lOMfBxZzAt2lqye5itMggQ9+6stXAVhMsw=="
  "resolved" "https://registry.npmjs.org/yaml-language-server-parser/-/yaml-language-server-parser-0.1.2.tgz"
  "version" "0.1.2"

"yaml-language-server@0.20.0":
  "integrity" "sha512-JV5jqB/1p2g4WCW1Gi6Kd3RQQSepdvTQBIDLSSoVzi7Q7kH+6tFkFJlMCBs0qmxLPkaU062d3IxdTWDK/MvvEA=="
  "resolved" "https://registry.npmjs.org/yaml-language-server/-/yaml-language-server-0.20.0.tgz"
  "version" "0.20.0"
  dependencies:
    "js-yaml" "^4.1.0"
    "jsonc-parser" "^2.2.1"
    "request-light" "^0.2.4"
    "vscode-json-languageservice" "^4.1.0"
    "vscode-languageserver" "^7.0.0"
    "vscode-languageserver-textdocument" "^1.0.1"
    "vscode-languageserver-types" "^3.16.0"
    "vscode-nls" "^4.1.2"
    "vscode-uri" "^2.1.1"
    "yaml-language-server-parser" "0.1.2"
  optionalDependencies:
    "prettier" "2.0.5"
